
Microsoft Visual Studio Solution File, Format Version 12.00
# Visual Studio Version 17
VisualStudioVersion = 17.8.34330.188
MinimumVisualStudioVersion = 10.0.40219.1
Project("{FAE04EC0-301F-11D3-BF4B-00C04F79EFBC}") = "AnimalsAgeFilter", "AnimalsAgeFilter.csproj", "{43F13715-C7D9-4D16-9FCE-45B4F91B32BF}"
EndProject
Global
	GlobalSection(SolutionConfigurationPlatforms) = preSolution
		1.3|Any CPU = 1.3|Any CPU
		1.4|Any CPU = 1.4|Any CPU
		1.5|Any CPU = 1.5|Any CPU
		1.6|Any CPU = 1.6|Any CPU
		Debug|Any CPU = Debug|Any CPU
		Release|Any CPU = Release|Any CPU
	EndGlobalSection
	GlobalSection(ProjectConfigurationPlatforms) = postSolution
		{43F13715-C7D9-4D16-9FCE-45B4F91B32BF}.1.3|Any CPU.ActiveCfg = 1.3|Any CPU
		{43F13715-C7D9-4D16-9FCE-45B4F91B32BF}.1.3|Any CPU.Build.0 = 1.3|Any CPU
		{43F13715-C7D9-4D16-9FCE-45B4F91B32BF}.1.4|Any CPU.ActiveCfg = 1.4|Any CPU
		{43F13715-C7D9-4D16-9FCE-45B4F91B32BF}.1.4|Any CPU.Build.0 = 1.4|Any CPU
		{43F13715-C7D9-4D16-9FCE-45B4F91B32BF}.1.5|Any CPU.ActiveCfg = 1.5|Any CPU
		{43F13715-C7D9-4D16-9FCE-45B4F91B32BF}.1.5|Any CPU.Build.0 = 1.5|Any CPU
		{43F13715-C7D9-4D16-9FCE-45B4F91B32BF}.1.6|Any CPU.ActiveCfg = 1.6|Any CPU
		{43F13715-C7D9-4D16-9FCE-45B4F91B32BF}.1.6|Any CPU.Build.0 = 1.6|Any CPU
		{43F13715-C7D9-4D16-9FCE-45B4F91B32BF}.Debug|Any CPU.ActiveCfg = Debug|Any CPU
		{43F13715-C7D9-4D16-9FCE-45B4F91B32BF}.Debug|Any CPU.Build.0 = Debug|Any CPU
		{43F13715-C7D9-4D16-9FCE-45B4F91B32BF}.Release|Any CPU.ActiveCfg = Release|Any CPU
		{43F13715-C7D9-4D16-9FCE-45B4F91B32BF}.Release|Any CPU.Build.0 = Release|Any CPU
	EndGlobalSection
	GlobalSection(SolutionProperties) = preSolution
		HideSolutionNode = FALSE
	EndGlobalSection
	GlobalSection(ExtensibilityGlobals) = postSolution
		SolutionGuid = {7F6AEA2B-BA57-4E0E-8FA9-979D24A4D98B}
	EndGlobalSection
EndGlobal
